
Microsoft Visual Studio Solution File, Format Version 12.00
# Visual Studio Version 17
VisualStudioVersion = 17.1.32421.90
MinimumVisualStudioVersion = 10.0.40219.1
Project("{FAE04EC0-301F-11D3-BF4B-00C04F79EFBC}") = "eTickets", "eTickets\eTickets.csproj", "{F2D0319B-8BE1-4894-AED5-A877F0C2DEB2}"
EndProject
Global
	GlobalSection(SolutionConfigurationPlatforms) = preSolution
		Debug|Any CPU = Debug|Any CPU
		Release|Any CPU = Release|Any CPU
	EndGlobalSection
	GlobalSection(ProjectConfigurationPlatforms) = postSolution
		{F2D0319B-8BE1-4894-AED5-A877F0C2DEB2}.Debug|Any CPU.ActiveCfg = Debug|Any CPU
		{F2D0319B-8BE1-4894-AED5-A877F0C2DEB2}.Debug|Any CPU.Build.0 = Debug|Any CPU
		{F2D0319B-8BE1-4894-AED5-A877F0C2DEB2}.Release|Any CPU.ActiveCfg = Release|Any CPU
		{F2D0319B-8BE1-4894-AED5-A877F0C2DEB2}.Release|Any CPU.Build.0 = Release|Any CPU
	EndGlobalSection
	GlobalSection(SolutionProperties) = preSolution
		HideSolutionNode = FALSE
	EndGlobalSection
	GlobalSection(ExtensibilityGlobals) = postSolution
		SolutionGuid = {D641E7BF-7067-4C33-AE3F-B160B666E1C5}
	EndGlobalSection
EndGlobal
